
Microsoft Visual Studio Solution File, Format Version 12.00
# Visual Studio Version 16
VisualStudioVersion = 16.0.31129.286
MinimumVisualStudioVersion = 10.0.40219.1
Project("{9A19103F-16F7-4668-BE54-9A1E7A4F7556}") = "Media_altura", "Produto\Media_altura.csproj", "{AE6987B5-8F07-4433-AFAA-C26EE625ACD6}"
EndProject
Global
	GlobalSection(SolutionConfigurationPlatforms) = preSolution
		Debug|Any CPU = Debug|Any CPU
		Release|Any CPU = Release|Any CPU
	EndGlobalSection
	GlobalSection(ProjectConfigurationPlatforms) = postSolution
		{AE6987B5-8F07-4433-AFAA-C26EE625ACD6}.Debug|Any CPU.ActiveCfg = Debug|Any CPU
		{AE6987B5-8F07-4433-AFAA-C26EE625ACD6}.Debug|Any CPU.Build.0 = Debug|Any CPU
		{AE6987B5-8F07-4433-AFAA-C26EE625ACD6}.Release|Any CPU.ActiveCfg = Release|Any CPU
		{AE6987B5-8F07-4433-AFAA-C26EE625ACD6}.Release|Any CPU.Build.0 = Release|Any CPU
	EndGlobalSection
	GlobalSection(SolutionProperties) = preSolution
		HideSolutionNode = FALSE
	EndGlobalSection
	GlobalSection(ExtensibilityGlobals) = postSolution
		SolutionGuid = {28876C31-99E0-4324-B047-68BD89B6C58C}
	EndGlobalSection
EndGlobal
