
Microsoft Visual Studio Solution File, Format Version 12.00
# Visual Studio Version 16
VisualStudioVersion = 16.0.31129.286
MinimumVisualStudioVersion = 10.0.40219.1
Project("{FAE04EC0-301F-11D3-BF4B-00C04F79EFBC}") = "Loja", "Loja\Loja.csproj", "{48212ABA-1EDE-400A-B2C3-3C91556D17FB}"
EndProject
Global
	GlobalSection(SolutionConfigurationPlatforms) = preSolution
		Debug|Any CPU = Debug|Any CPU
		Release|Any CPU = Release|Any CPU
	EndGlobalSection
	GlobalSection(ProjectConfigurationPlatforms) = postSolution
		{48212ABA-1EDE-400A-B2C3-3C91556D17FB}.Debug|Any CPU.ActiveCfg = Debug|Any CPU
		{48212ABA-1EDE-400A-B2C3-3C91556D17FB}.Debug|Any CPU.Build.0 = Debug|Any CPU
		{48212ABA-1EDE-400A-B2C3-3C91556D17FB}.Release|Any CPU.ActiveCfg = Release|Any CPU
		{48212ABA-1EDE-400A-B2C3-3C91556D17FB}.Release|Any CPU.Build.0 = Release|Any CPU
	EndGlobalSection
	GlobalSection(SolutionProperties) = preSolution
		HideSolutionNode = FALSE
	EndGlobalSection
	GlobalSection(ExtensibilityGlobals) = postSolution
		SolutionGuid = {1AEDE396-5CBE-4CFF-A806-8E62DD013EEA}
	EndGlobalSection
EndGlobal
